# THIS IS AN AUTOGENERATED FILE. DO NOT EDIT THIS FILE DIRECTLY.
# yarn lockfile v1


"@nativescript/android@~8.1.1":
  "integrity" "sha512-o7Y8x88XwCGdsjnB6oy8WqrG1KX4VVkcTlmeqN38IuUl7B8Hzj1q4RZNRFZqXPery6qS38imbehxZow0U3VDoA=="
  "resolved" "https://registry.npmjs.org/@nativescript/android/-/android-8.1.1.tgz"
  "version" "8.1.1"

"@nativescript/angular@file:../../packages/angular":
  "resolved" "file:../../packages/angular"
  "version" "12.2.1-rc.0"
  dependencies:
    "@nativescript/zone-js" "~2.2.0"

"@nativescript/core@file:../../node_modules/@nativescript/core":
  "resolved" "file:../../node_modules/@nativescript/core"
  "version" "8.1.5"
  dependencies:
    "@nativescript/hook" "~2.0.0"
    "css-tree" "^1.1.2"
    "reduce-css-calc" "^2.1.7"
    "tslib" "~2.0.0"

"@nativescript/hook@^2.0.0":
  "integrity" "sha512-v3Hj3Zpd69sQJfFpDNXonV0EjO1a2OL4l48wlo1Ycsqk4r7RY822d/irFTjt0LllRG0OcdEGgfG6wKb0YgPyHw=="
  "resolved" "https://registry.npmjs.org/@nativescript/hook/-/hook-2.0.0.tgz"
  "version" "2.0.0"
  dependencies:
    "glob" "^7.1.0"
    "mkdirp" "^1.0.4"

"@nativescript/ios@~8.1.0":
  "integrity" "sha512-coBi409FQKO/Ia/3gBBe1QZAAfi5uwhT179o6sAeRrvsBV2ULDonmcpzKg2alrUcPTj5ESy7KpJ6+f4AkC7Lbg=="
  "resolved" "https://registry.npmjs.org/@nativescript/ios/-/ios-8.1.0.tgz"
  "version" "8.1.0"

"@nativescript/unit-test-runner@^2.0.5":
  "integrity" "sha512-wJpYNqy8wiJtiJ4P+Zh2iX6txfBHQVBtzmbBOHsVGV7MIXl9SY+hiE7u5NmCpsy3yaIxgR3QDOUbDJ6ITwCxiw=="
  "resolved" "https://registry.npmjs.org/@nativescript/unit-test-runner/-/unit-test-runner-2.0.5.tgz"
  "version" "2.0.5"
  dependencies:
    "@nativescript/hook" "^2.0.0"
    "glob-regex" "^0.3.2"

"balanced-match@^1.0.0":
  "integrity" "sha512-3oSeUO0TMV67hN1AmbXsK4yaqU7tjiHlbxRDZOpH0KW9+CeX4bRAaX0Anxt0tx2MrpRpWwQaPwIlISEJhYU5Pw=="
  "resolved" "https://registry.npmjs.org/balanced-match/-/balanced-match-1.0.2.tgz"
  "version" "1.0.2"

"brace-expansion@^1.1.7":
  "integrity" "sha512-iCuPHDFgrHX7H2vEI/5xpz07zSHB00TpugqhmYtVmMO6518mCuRMoOYFldEBl0g187ufozdaHgWKcYFb61qGiA=="
  "resolved" "https://registry.npmjs.org/brace-expansion/-/brace-expansion-1.1.11.tgz"
  "version" "1.1.11"
  dependencies:
    "balanced-match" "^1.0.0"
    "concat-map" "0.0.1"

"concat-map@0.0.1":
  "integrity" "sha1-2Klr13/Wjfd5OnMDajug1UBdR3s="
  "resolved" "https://registry.npmjs.org/concat-map/-/concat-map-0.0.1.tgz"
  "version" "0.0.1"

"fs.realpath@^1.0.0":
  "integrity" "sha1-FQStJSMVjKpA20onh8sBQRmU6k8="
  "resolved" "https://registry.npmjs.org/fs.realpath/-/fs.realpath-1.0.0.tgz"
  "version" "1.0.0"

"glob-regex@^0.3.2":
  "integrity" "sha512-m5blUd3/OqDTWwzBBtWBPrGlAzatRywHameHeekAZyZrskYouOGdNB8T/q6JucucvJXtOuyHIn0/Yia7iDasDw=="
  "resolved" "https://registry.npmjs.org/glob-regex/-/glob-regex-0.3.2.tgz"
  "version" "0.3.2"

"glob@^7.1.0":
  "integrity" "sha512-OvD9ENzPLbegENnYP5UUfJIirTg4+XwMWGaQfQTY0JenxNvvIKP3U3/tAQSPIu/lHxXYSZmpXlUHeqAIdKzBLQ=="
  "resolved" "https://registry.npmjs.org/glob/-/glob-7.1.7.tgz"
  "version" "7.1.7"
  dependencies:
    "fs.realpath" "^1.0.0"
    "inflight" "^1.0.4"
    "inherits" "2"
    "minimatch" "^3.0.4"
    "once" "^1.3.0"
    "path-is-absolute" "^1.0.0"

"inflight@^1.0.4":
  "integrity" "sha1-Sb1jMdfQLQwJvJEKEHW6gWW1bfk="
  "resolved" "https://registry.npmjs.org/inflight/-/inflight-1.0.6.tgz"
  "version" "1.0.6"
  dependencies:
    "once" "^1.3.0"
    "wrappy" "1"

"inherits@2":
  "integrity" "sha512-k/vGaX4/Yla3WzyMCvTQOXYeIHvqOKtnqBduzTHpzpQZzAskKMhZ2K+EnBiSM9zGSoIFeMpXKxa4dYeZIQqewQ=="
  "resolved" "https://registry.npmjs.org/inherits/-/inherits-2.0.4.tgz"
  "version" "2.0.4"

"minimatch@^3.0.4":
  "integrity" "sha512-yJHVQEhyqPLUTgt9B83PXu6W3rx4MvvHvSUvToogpwoGDOUQ+yDrR0HRot+yOCdCO7u4hX3pWft6kWBBcqh0UA=="
  "resolved" "https://registry.npmjs.org/minimatch/-/minimatch-3.0.4.tgz"
  "version" "3.0.4"
  dependencies:
    "brace-expansion" "^1.1.7"

"mkdirp@^1.0.4":
  "integrity" "sha512-vVqVZQyf3WLx2Shd0qJ9xuvqgAyKPLAiqITEtqW0oIUjzo3PePDd6fW9iFz30ef7Ysp/oiWqbhszeGWW2T6Gzw=="
  "resolved" "https://registry.npmjs.org/mkdirp/-/mkdirp-1.0.4.tgz"
  "version" "1.0.4"

"once@^1.3.0":
  "integrity" "sha1-WDsap3WWHUsROsF9nFC6753Xa9E="
  "resolved" "https://registry.npmjs.org/once/-/once-1.4.0.tgz"
  "version" "1.4.0"
  dependencies:
    "wrappy" "1"

"path-is-absolute@^1.0.0":
  "integrity" "sha1-F0uSaHNVNP+8es5r9TpanhtcX18="
  "resolved" "https://registry.npmjs.org/path-is-absolute/-/path-is-absolute-1.0.1.tgz"
  "version" "1.0.1"

"wrappy@1":
  "integrity" "sha1-tSQ9jz7BqjXxNkYFvA0QNuMKtp8="
  "resolved" "https://registry.npmjs.org/wrappy/-/wrappy-1.0.2.tgz"
  "version" "1.0.2"
